dependencies:
  espressif/cjson:
    component_hash: e788323270d90738662d66fffa910bfe1fba019bba087f01557e70c40485b469
    dependencies:
    - name: idf
      require: private
      version: '>=5.0'
    source:
      registry_url: https://components.espressif.com/
      type: service
    version: 1.7.19~2
  espressif/ds18b20:
    component_hash: 38022d0c39c08b1df3e77f95a3f9544251549a1fd9b6263357bf714026f4bb6b
    dependencies:
    - name: espressif/onewire_bus
      registry_url: https://components.espressif.com
      require: private
      version: ^1.1.0
    - matches:
      - if: $CONFIG{DS18B20_SENSOR_HUB} == True
      name: espressif/sensor_hub
      registry_url: https://components.espressif.com
      require: public
      version: ^0.1.4
    source:
      registry_url: https://components.espressif.com/
      type: service
    version: 0.4.0
  espressif/mdns:
    component_hash: 8bcf12e37c58c1d584aef32a02b92548124c7a3a9fcf548d3235c844a035e0f0
    dependencies:
    - name: idf
      require: private
      version: '>=5.0'
    source:
      registry_url: https://components.espressif.com/
      type: service
    version: 1.11.1
  espressif/onewire_bus:
    component_hash: a85dc1ceb71fb87af77c57d5fd4e6f48a504de1fc2b83fc302ec0cea331d05ce
    dependencies:
    - name: idf
      require: private
      version: '>=5.0'
    source:
      registry_url: https://components.espressif.com/
      type: service
    version: 1.1.1
  idf:
    source:
      type: idf
    version: 6.0.1
  joltwallet/littlefs:
    component_hash: 01faa388c6305fe77fd6962cda6171e753033458f24f8fae9e9d932e3d817a4c
    dependencies:
    - name: idf
      require: private
      version: '>=5.0'
    source:
      registry_url: https://components.espressif.com/
      type: service
    version: 1.22.1
direct_dependencies:
- espressif/cjson
- espressif/ds18b20
- espressif/mdns
- espressif/onewire_bus
- idf
- joltwallet/littlefs
manifest_hash: ab027f9b00d39fdb82cc6a8f8a8a0b8532c2b8c8899e37e3da5b6092097dd8b1
target: esp32
version: 3.0.0
